PODS:
  - SheetViewController (1.0.1)

DEPENDENCIES:
  - SheetViewController (from `../`)

EXTERNAL SOURCES:
  SheetViewController:
    :path: "../"

SPEC CHECKSUMS:
  SheetViewController: 5708b16d6207b1c4a4b07498d449053fe9483575

PODFILE CHECKSUM: 6ed7b8a4e274ea96cfce5e2638f5190e3e4819b7

COCOAPODS: 1.7.3
