PODS:
  - SheetViewController (1.0.3)

DEPENDENCIES:
  - SheetViewController (from `../`)

EXTERNAL SOURCES:
  SheetViewController:
    :path: "../"

SPEC CHECKSUMS:
  SheetViewController: 4648aee7c08013aa4ab0040d9a8dd3080b3515c7

PODFILE CHECKSUM: 6ed7b8a4e274ea96cfce5e2638f5190e3e4819b7

COCOAPODS: 1.7.3
