PODS:
  - SheetViewController (1.0.4)

DEPENDENCIES:
  - SheetViewController (from `../`)

EXTERNAL SOURCES:
  SheetViewController:
    :path: "../"

SPEC CHECKSUMS:
  SheetViewController: de8b9b2a5906d73c5c41bc52c686b0dcd6951ef4

PODFILE CHECKSUM: 6ed7b8a4e274ea96cfce5e2638f5190e3e4819b7

COCOAPODS: 1.8.3
